
Microsoft Visual Studio Solution File, Format Version 12.00
# Visual Studio Version 16
VisualStudioVersion = 16.0.30413.136
MinimumVisualStudioVersion = 10.0.40219.1
Project("{FAE04EC0-301F-11D3-BF4B-00C04F79EFBC}") = "KonusarakOgren.Domain", "KonusarakOgren.Domain\KonusarakOgren.Domain.csproj", "{5B2916D3-2BFF-4956-A5CB-0AD18C7C8DD5}"
EndProject
Project("{FAE04EC0-301F-11D3-BF4B-00C04F79EFBC}") = "KonusarakOgren.WebUI", "KonusarakOgren.WebUI\KonusarakOgren.WebUI.csproj", "{8FB49AFF-ADAA-4F17-B14F-C26851747205}"
EndProject
Project("{FAE04EC0-301F-11D3-BF4B-00C04F79EFBC}") = "KonusarakOgren.Api", "KonusarakOgren.Api\KonusarakOgren.Api.csproj", "{28A5ED52-4736-4436-A09A-488429C7EFE8}"
EndProject
Project("{FAE04EC0-301F-11D3-BF4B-00C04F79EFBC}") = "KonusarakOgren.DataAccess", "KonusarakOgren.DataAccess\KonusarakOgren.DataAccess.csproj", "{DC36F1C1-436D-49B0-AD00-93A3959E8A48}"
EndProject
Global
	GlobalSection(SolutionConfigurationPlatforms) = preSolution
		Debug|Any CPU = Debug|Any CPU
		Release|Any CPU = Release|Any CPU
	EndGlobalSection
	GlobalSection(ProjectConfigurationPlatforms) = postSolution
		{5B2916D3-2BFF-4956-A5CB-0AD18C7C8DD5}.Debug|Any CPU.ActiveCfg = Debug|Any CPU
		{5B2916D3-2BFF-4956-A5CB-0AD18C7C8DD5}.Debug|Any CPU.Build.0 = Debug|Any CPU
		{5B2916D3-2BFF-4956-A5CB-0AD18C7C8DD5}.Release|Any CPU.ActiveCfg = Release|Any CPU
		{5B2916D3-2BFF-4956-A5CB-0AD18C7C8DD5}.Release|Any CPU.Build.0 = Release|Any CPU
		{8FB49AFF-ADAA-4F17-B14F-C26851747205}.Debug|Any CPU.ActiveCfg = Debug|Any CPU
		{8FB49AFF-ADAA-4F17-B14F-C26851747205}.Debug|Any CPU.Build.0 = Debug|Any CPU
		{8FB49AFF-ADAA-4F17-B14F-C26851747205}.Release|Any CPU.ActiveCfg = Release|Any CPU
		{8FB49AFF-ADAA-4F17-B14F-C26851747205}.Release|Any CPU.Build.0 = Release|Any CPU
		{28A5ED52-4736-4436-A09A-488429C7EFE8}.Debug|Any CPU.ActiveCfg = Debug|Any CPU
		{28A5ED52-4736-4436-A09A-488429C7EFE8}.Debug|Any CPU.Build.0 = Debug|Any CPU
		{28A5ED52-4736-4436-A09A-488429C7EFE8}.Release|Any CPU.ActiveCfg = Release|Any CPU
		{28A5ED52-4736-4436-A09A-488429C7EFE8}.Release|Any CPU.Build.0 = Release|Any CPU
		{DC36F1C1-436D-49B0-AD00-93A3959E8A48}.Debug|Any CPU.ActiveCfg = Debug|Any CPU
		{DC36F1C1-436D-49B0-AD00-93A3959E8A48}.Debug|Any CPU.Build.0 = Debug|Any CPU
		{DC36F1C1-436D-49B0-AD00-93A3959E8A48}.Release|Any CPU.ActiveCfg = Release|Any CPU
		{DC36F1C1-436D-49B0-AD00-93A3959E8A48}.Release|Any CPU.Build.0 = Release|Any CPU
	EndGlobalSection
	GlobalSection(SolutionProperties) = preSolution
		HideSolutionNode = FALSE
	EndGlobalSection
	GlobalSection(ExtensibilityGlobals) = postSolution
		SolutionGuid = {5888D045-4D3A-4EFA-8934-AF31BE553107}
	EndGlobalSection
EndGlobal
